
Microsoft Visual Studio Solution File, Format Version 12.00
# Visual Studio Version 17
VisualStudioVersion = 17.7.34024.191
MinimumVisualStudioVersion = 10.0.40219.1
Project("{FAE04EC0-301F-11D3-BF4B-00C04F79EFBC}") = "Shadi_Homework", "Shadi_Homework\Shadi_Homework.csproj", "{630032A5-E5E7-4D4E-AEF2-18A208926EDD}"
EndProject
Global
	GlobalSection(SolutionConfigurationPlatforms) = preSolution
		Debug|Any CPU = Debug|Any CPU
		Release|Any CPU = Release|Any CPU
	EndGlobalSection
	GlobalSection(ProjectConfigurationPlatforms) = postSolution
		{630032A5-E5E7-4D4E-AEF2-18A208926EDD}.Debug|Any CPU.ActiveCfg = Debug|Any CPU
		{630032A5-E5E7-4D4E-AEF2-18A208926EDD}.Debug|Any CPU.Build.0 = Debug|Any CPU
		{630032A5-E5E7-4D4E-AEF2-18A208926EDD}.Release|Any CPU.ActiveCfg = Release|Any CPU
		{630032A5-E5E7-4D4E-AEF2-18A208926EDD}.Release|Any CPU.Build.0 = Release|Any CPU
	EndGlobalSection
	GlobalSection(SolutionProperties) = preSolution
		HideSolutionNode = FALSE
	EndGlobalSection
	GlobalSection(ExtensibilityGlobals) = postSolution
		SolutionGuid = {7DDB0D23-7347-47FA-BBC3-B96F8FB5CB35}
	EndGlobalSection
EndGlobal
